
Microsoft Visual Studio Solution File, Format Version 12.00
# Visual Studio 15
Project("{FAE04EC0-301F-11D3-BF4B-00C04F79EFBC}") = "Assembly-CSharp-firstpass", "Assembly-CSharp-firstpass.csproj", "{F551B589-5463-56B2-95B3-5BDFC955CF0E}"
EndProject
Project("{FAE04EC0-301F-11D3-BF4B-00C04F79EFBC}") = "Assembly-CSharp", "Assembly-CSharp.csproj", "{EDFD29EF-76F6-73AC-396C-748EBE37FC02}"
EndProject
Project("{FAE04EC0-301F-11D3-BF4B-00C04F79EFBC}") = "Assembly-CSharp-Editor", "Assembly-CSharp-Editor.csproj", "{419813FB-8C26-27F0-E3AC-32D2BB542830}"
EndProject
Global
	GlobalSection(SolutionConfigurationPlatforms) = preSolution
		Debug|Any CPU = Debug|Any CPU
		Release|Any CPU = Release|Any CPU
	EndGlobalSection
	GlobalSection(ProjectConfigurationPlatforms) = postSolution
		{F551B589-5463-56B2-95B3-5BDFC955CF0E}.Debug|Any CPU.ActiveCfg = Debug|Any CPU
		{F551B589-5463-56B2-95B3-5BDFC955CF0E}.Debug|Any CPU.Build.0 = Debug|Any CPU
		{F551B589-5463-56B2-95B3-5BDFC955CF0E}.Release|Any CPU.ActiveCfg = Release|Any CPU
		{F551B589-5463-56B2-95B3-5BDFC955CF0E}.Release|Any CPU.Build.0 = Release|Any CPU
		{EDFD29EF-76F6-73AC-396C-748EBE37FC02}.Debug|Any CPU.ActiveCfg = Debug|Any CPU
		{EDFD29EF-76F6-73AC-396C-748EBE37FC02}.Debug|Any CPU.Build.0 = Debug|Any CPU
		{EDFD29EF-76F6-73AC-396C-748EBE37FC02}.Release|Any CPU.ActiveCfg = Release|Any CPU
		{EDFD29EF-76F6-73AC-396C-748EBE37FC02}.Release|Any CPU.Build.0 = Release|Any CPU
		{419813FB-8C26-27F0-E3AC-32D2BB542830}.Debug|Any CPU.ActiveCfg = Debug|Any CPU
		{419813FB-8C26-27F0-E3AC-32D2BB542830}.Debug|Any CPU.Build.0 = Debug|Any CPU
		{419813FB-8C26-27F0-E3AC-32D2BB542830}.Release|Any CPU.ActiveCfg = Release|Any CPU
		{419813FB-8C26-27F0-E3AC-32D2BB542830}.Release|Any CPU.Build.0 = Release|Any CPU
	EndGlobalSection
	GlobalSection(SolutionProperties) = preSolution
		HideSolutionNode = FALSE
	EndGlobalSection
EndGlobal
